schema: '2.0'
stages:
  load_data:
    cmd: python src/stages/load_data.py --config=params.yaml
    deps:
    - path: src/stages/load_data.py
      hash: md5
      md5: d86e969f9abb13a080f2a67b1aaef080
      size: 835
  featurize:
    cmd: python src/stages/feature_engineering.py --config=params.yaml
    deps:
    - path: data/raw/ckd-dataset-v2.csv
      hash: md5
      md5: 61ab026f595140bd37a11afd0cefc551
      size: 34154
    - path: src/stages/feature_engineering.py
      hash: md5
      md5: cc88c6fb673a0dbf7fb069386af48803
      size: 1417
    outs:
    - path: data/processed/preprocess_ckd_dataset_v2.csv
      hash: md5
      md5: c587e0a02c42199eb3234af9e94e27c0
      size: 17739
  data_split:
    cmd: python src/stages/data_split.py --config=params.yaml
    deps:
    - path: data/processed/preprocess_ckd_dataset_v2.csv
      hash: md5
      md5: c587e0a02c42199eb3234af9e94e27c0
      size: 17739
    - path: src/stages/data_split.py
      hash: md5
      md5: c2cd01cef6d3a568d8b45480679c578e
      size: 1131
    outs:
    - path: data/processed/test_ckd_dataset_v2.csv
      hash: md5
      md5: e3cf278c452e99e760294bc92646775a
      size: 3796
    - path: data/processed/train_ckd_dataset_v2.csv
      hash: md5
      md5: e4c2e012d31c089a2594fe3fdad5ab28
      size: 14772
  train:
    cmd: "export PYTHONPATH=$(pwd) && python src/stages/train.py --config=params.yaml\n"
    deps:
    - path: data/processed/train_ckd_dataset_v2.csv
      hash: md5
      md5: e4c2e012d31c089a2594fe3fdad5ab28
      size: 14772
    - path: src/model/model.py
      hash: md5
      md5: 8635e767d31bb69ddc545488efdc9b92
      size: 1895
    - path: src/stages/train.py
      hash: md5
      md5: 47949279468ddc306cf5fc8f0ef5f339
      size: 1221
    params:
      params.yaml:
        train.estimator_name: log_reg
    outs:
    - path: models/model_log_reg.pkl
      hash: md5
      md5: 6da51f2c6bc34240b3c2974b519a7e83
      size: 4211
